
Microsoft Visual Studio Solution File, Format Version 12.00
# Visual Studio Version 17
VisualStudioVersion = 17.14.36603.0 d17.14
MinimumVisualStudioVersion = 10.0.40219.1
Project("{FAE04EC0-301F-11D3-BF4B-00C04F79EFBC}") = "FitzHughNagumo", "FitzHughNagumo\FitzHughNagumo.csproj", "{A49537FE-C22A-4292-84CE-3AFACA7AC8B3}"
EndProject
Global
	GlobalSection(SolutionConfigurationPlatforms) = preSolution
		Debug|Any CPU = Debug|Any CPU
		Release|Any CPU = Release|Any CPU
	EndGlobalSection
	GlobalSection(ProjectConfigurationPlatforms) = postSolution
		{A49537FE-C22A-4292-84CE-3AFACA7AC8B3}.Debug|Any CPU.ActiveCfg = Debug|Any CPU
		{A49537FE-C22A-4292-84CE-3AFACA7AC8B3}.Debug|Any CPU.Build.0 = Debug|Any CPU
		{A49537FE-C22A-4292-84CE-3AFACA7AC8B3}.Release|Any CPU.ActiveCfg = Release|Any CPU
		{A49537FE-C22A-4292-84CE-3AFACA7AC8B3}.Release|Any CPU.Build.0 = Release|Any CPU
	EndGlobalSection
	GlobalSection(SolutionProperties) = preSolution
		HideSolutionNode = FALSE
	EndGlobalSection
	GlobalSection(ExtensibilityGlobals) = postSolution
		SolutionGuid = {5D50EF70-9FF9-4145-B701-25495ACE4FA7}
	EndGlobalSection
EndGlobal
